
Microsoft Visual Studio Solution File, Format Version 12.00
# Visual Studio Version 16
VisualStudioVersion = 16.0.31321.278
MinimumVisualStudioVersion = 10.0.40219.1
Project("{9A19103F-16F7-4668-BE54-9A1E7A4F7556}") = "First_GUI", "First_GUI\First_GUI.csproj", "{32F89DA2-2ABC-4E09-A784-85EC785DF41A}"
EndProject
Project("{54435603-DBB4-11D2-8724-00A0C9A8B90C}") = "Setup", "Setup\Setup.vdproj", "{EC9040A5-9026-42BE-AD86-137F4F1E9C29}"
EndProject
Global
	GlobalSection(SolutionConfigurationPlatforms) = preSolution
		Debug|Any CPU = Debug|Any CPU
		Release|Any CPU = Release|Any CPU
	EndGlobalSection
	GlobalSection(ProjectConfigurationPlatforms) = postSolution
		{32F89DA2-2ABC-4E09-A784-85EC785DF41A}.Debug|Any CPU.ActiveCfg = Debug|Any CPU
		{32F89DA2-2ABC-4E09-A784-85EC785DF41A}.Debug|Any CPU.Build.0 = Debug|Any CPU
		{32F89DA2-2ABC-4E09-A784-85EC785DF41A}.Release|Any CPU.ActiveCfg = Release|Any CPU
		{32F89DA2-2ABC-4E09-A784-85EC785DF41A}.Release|Any CPU.Build.0 = Release|Any CPU
		{EC9040A5-9026-42BE-AD86-137F4F1E9C29}.Debug|Any CPU.ActiveCfg = Debug
		{EC9040A5-9026-42BE-AD86-137F4F1E9C29}.Release|Any CPU.ActiveCfg = Release
	EndGlobalSection
	GlobalSection(SolutionProperties) = preSolution
		HideSolutionNode = FALSE
	EndGlobalSection
	GlobalSection(ExtensibilityGlobals) = postSolution
		SolutionGuid = {50FF972E-48B6-4E38-AFBA-28C49725D852}
	EndGlobalSection
EndGlobal
